
Microsoft Visual Studio Solution File, Format Version 12.00
# Visual Studio 15
VisualStudioVersion = 15.0.27130.2036
MinimumVisualStudioVersion = 10.0.40219.1
Project("{FAE04EC0-301F-11D3-BF4B-00C04F79EFBC}") = "ERPCustomer", "ERPCustomer\ERPCustomer.csproj", "{848D8FB2-5209-490C-AE46-A1AFB3B1C389}"
EndProject
Project("{2150E333-8FDC-42A3-9474-1A3956D46DE8}") = "Solution Items", "Solution Items", "{78E1B1B8-AD29-4926-86A1-3B5912D893C5}"
EndProject
Global
	GlobalSection(SolutionConfigurationPlatforms) = preSolution
		Debug|Any CPU = Debug|Any CPU
		Release|Any CPU = Release|Any CPU
	EndGlobalSection
	GlobalSection(ProjectConfigurationPlatforms) = postSolution
		{848D8FB2-5209-490C-AE46-A1AFB3B1C389}.Debug|Any CPU.ActiveCfg = Debug|Any CPU
		{848D8FB2-5209-490C-AE46-A1AFB3B1C389}.Debug|Any CPU.Build.0 = Debug|Any CPU
		{848D8FB2-5209-490C-AE46-A1AFB3B1C389}.Release|Any CPU.ActiveCfg = Release|Any CPU
		{848D8FB2-5209-490C-AE46-A1AFB3B1C389}.Release|Any CPU.Build.0 = Release|Any CPU
	EndGlobalSection
	GlobalSection(SolutionProperties) = preSolution
		HideSolutionNode = FALSE
	EndGlobalSection
	GlobalSection(ExtensibilityGlobals) = postSolution
		SolutionGuid = {872024C7-8E44-4941-9F87-221B15BF3946}
	EndGlobalSection
EndGlobal
